
Microsoft Visual Studio Solution File, Format Version 12.00
# Visual Studio Version 17
VisualStudioVersion = 17.13.35818.85 d17.13
MinimumVisualStudioVersion = 10.0.40219.1
Project("{FAE04EC0-301F-11D3-BF4B-00C04F79EFBC}") = "BrqTestVms", "BrqTestVms\BrqTestVms.csproj", "{EC1FC230-998C-49DC-A494-82F39D68A3ED}"
EndProject
Global
	GlobalSection(SolutionConfigurationPlatforms) = preSolution
		Debug|Any CPU = Debug|Any CPU
		Release|Any CPU = Release|Any CPU
	EndGlobalSection
	GlobalSection(ProjectConfigurationPlatforms) = postSolution
		{EC1FC230-998C-49DC-A494-82F39D68A3ED}.Debug|Any CPU.ActiveCfg = Debug|Any CPU
		{EC1FC230-998C-49DC-A494-82F39D68A3ED}.Debug|Any CPU.Build.0 = Debug|Any CPU
		{EC1FC230-998C-49DC-A494-82F39D68A3ED}.Release|Any CPU.ActiveCfg = Release|Any CPU
		{EC1FC230-998C-49DC-A494-82F39D68A3ED}.Release|Any CPU.Build.0 = Release|Any CPU
	EndGlobalSection
	GlobalSection(SolutionProperties) = preSolution
		HideSolutionNode = FALSE
	EndGlobalSection
	GlobalSection(ExtensibilityGlobals) = postSolution
		SolutionGuid = {55507206-7858-4270-A71D-B7726C7ABA34}
	EndGlobalSection
EndGlobal
